// !$*UTF8*$!
{
	archiveVersion = 1;
	classes = {
	};
	objectVersion = 50;
	objects = {

/* Begin PBXBuildFile section */
		1B74A9DC245816E700486571 /* AppDelegate.swift in Sources */ = {isa = PBXBuildFile; fileRef = 1B74A9DB245816E700486571 /* AppDelegate.swift */; };
		1B74A9DE245816E700486571 /* SceneDelegate.swift in Sources */ = {isa = PBXBuildFile; fileRef = 1B74A9DD245816E700486571 /* SceneDelegate.swift */; };
		1B74A9E0245816E700486571 /* ViewController.swift in Sources */ = {isa = PBXBuildFile; fileRef = 1B74A9DF245816E700486571 /* ViewController.swift */; };
		1B74A9E3245816E700486571 /* Main.storyboard in Resources */ = {isa = PBXBuildFile; fileRef = 1B74A9E1245816E700486571 /* Main.storyboard */; };
		1B74A9E5245816ED00486571 /* Assets.xcassets in Resources */ = {isa = PBXBuildFile; fileRef = 1B74A9E4245816ED00486571 /* Assets.xcassets */; };
		1B74A9E8245816ED00486571 /* LaunchScreen.storyboard in Resources */ = {isa = PBXBuildFile; fileRef = 1B74A9E6245816ED00486571 /* LaunchScreen.storyboard */; };
/* End PBXBuildFile section */

/* Begin PBXFileReference section */
		1B74A9D8245816E700486571 /* That is why.app */ = {isa = PBXFileReference; explicitFileType = wrapper.application; includeInIndex = 0; path = "That is why.app"; sourceTree = BUILT_PRODUCTS_DIR; };
		1B74A9DB245816E700486571 /* AppDelegate.swift */ = {isa = PBXFileReference; lastKnownFileType = sourcecode.swift; path = AppDelegate.swift; sourceTree = "<group>"; };
		1B74A9DD245816E700486571 /* SceneDelegate.swift */ = {isa = PBXFileReference; lastKnownFileType = sourcecode.swift; path = SceneDelegate.swift; sourceTree = "<group>"; };
		1B74A9DF245816E700486571 /* ViewController.swift */ = {isa = PBXFileReference; lastKnownFileType = sourcecode.swift; path = ViewController.swift; sourceTree = "<group>"; };
		1B74A9E2245816E700486571 /* Base */ = {isa = PBXFileReference; lastKnownFileType = file.storyboard; name = Base; path = Base.lproj/Main.storyboard; sourceTree = "<group>"; };
		1B74A9E4245816ED00486571 /* Assets.xcassets */ = {isa = PBXFileReference; lastKnownFileType = folder.assetcatalog; path = Assets.xcassets; sourceTree = "<group>"; };
		1B74A9E7245816ED00486571 /* Base */ = {isa = PBXFileReference; lastKnownFileType = file.storyboard; name = Base; path = Base.lproj/LaunchScreen.storyboard; sourceTree = "<group>"; };
		1B74A9E9245816ED00486571 /* Info.plist */ = {isa = PBXFileReference; lastKnownFileType = text.plist.xml; path = Info.plist; sourceTree = "<group>"; };
/* End PBXFileReference section */

/* Begin PBXFrameworksBuildPhase section */
		1B74A9D5245816E700486571 /* Frameworks */ = {
			isa = PBXFrameworksBuildPhase;
			buildActionMask = 2147483647;
			files = (
			);
			runOnlyForDeploymentPostprocessing = 0;
		};
/* End PBXFrameworksBuildPhase section */

/* Begin PBXGroup section */
		1B74A9CF245816E700486571 = {
			isa = PBXGroup;
			children = (
				1B74A9DA245816E700486571 /* That is why */,
				1B74A9D9245816E700486571 /* Products */,
			);
			sourceTree = "<group>";
		};
		1B74A9D9245816E700486571 /* Products */ = {
			isa = PBXGroup;
			children = (
				1B74A9D8245816E700486571 /* That is why.app */,
			);
			name = Products;
			sourceTree = "<group>";
		};
		1B74A9DA245816E700486571 /* That is why */ = {
			isa = PBXGroup;
			children = (
				1B74A9DB245816E700486571 /* AppDelegate.swift */,
				1B74A9DD245816E700486571 /* SceneDelegate.swift */,
				1B74A9DF245816E700486571 /* ViewController.swift */,
				1B74A9E1245816E700486571 /* Main.storyboard */,
				1B74A9E4245816ED00486571 /* Assets.xcassets */,
				1B74A9E6245816ED00486571 /* LaunchScreen.storyboard */,
				1B74A9E9245816ED00486571 /* Info.plist */,
			);
			path = "That is why";
			sourceTree = "<group>";
		};
/* End PBXGroup section */

/* Begin PBXNativeTarget section */
		1B74A9D7245816E700486571 /* That is why */ = {
			isa = PBXNativeTarget;
			buildConfigurationList = 1B74A9EC245816ED00486571 /* Build configuration list for PBXNativeTarget "That is why" */;
			buildPhases = (
				1B74A9D4245816E700486571 /* Sources */,
				1B74A9D5245816E700486571 /* Frameworks */,
				1B74A9D6245816E700486571 /* Resources */,
			);
			buildRules = (
			);
			dependencies = (
			);
			name = "That is why";
			productName = "That is why";
			productReference = 1B74A9D8245816E700486571 /* That is why.app */;
			productType = "com.apple.product-type.application";
		};
/* End PBXNativeTarget section */

/* Begin PBXProject section */
		1B74A9D0245816E700486571 /* Project object */ = {
			isa = PBXProject;
			attributes = {
				LastSwiftUpdateCheck = 1140;
				LastUpgradeCheck = 1140;
				ORGANIZATIONNAME = "Vitalii Sosin";
				TargetAttributes = {
					1B74A9D7245816E700486571 = {
						CreatedOnToolsVersion = 11.4.1;
					};
				};
			};
			buildConfigurationList = 1B74A9D3245816E700486571 /* Build configuration list for PBXProject "That is why" */;
			compatibilityVersion = "Xcode 9.3";
			developmentRegion = en;
			hasScannedForEncodings = 0;
			knownRegions = (
				en,
				Base,
			);
			mainGroup = 1B74A9CF245816E700486571;
			productRefGroup = 1B74A9D9245816E700486571 /* Products */;
			projectDirPath = "";
			projectRoot = "";
			targets = (
				1B74A9D7245816E700486571 /* That is why */,
			);
		};
/* End PBXProject section */

/* Begin PBXResourcesBuildPhase section */
		1B74A9D6245816E700486571 /* Resources */ = {
			isa = PBXResourcesBuildPhase;
			buildActionMask = 2147483647;
			files = (
				1B74A9E8245816ED00486571 /* LaunchScreen.storyboard in Resources */,
				1B74A9E5245816ED00486571 /* Assets.xcassets in Resources */,
				1B74A9E3245816E700486571 /* Main.storyboard in Resources */,
			);
			runOnlyForDeploymentPostprocessing = 0;
		};
/* End PBXResourcesBuildPhase section */

/* Begin PBXSourcesBuildPhase section */
		1B74A9D4245816E700486571 /* Sources */ = {
			isa = PBXSourcesBuildPhase;
			buildActionMask = 2147483647;
			files = (
				1B74A9E0245816E700486571 /* ViewController.swift in Sources */,
				1B74A9DC245816E700486571 /* AppDelegate.swift in Sources */,
				1B74A9DE245816E700486571 /* SceneDelegate.swift in Sources */,
			);
			runOnlyForDeploymentPostprocessing = 0;
		};
/* End PBXSourcesBuildPhase section */

/* Begin PBXVariantGroup section */
		1B74A9E1245816E700486571 /* Main.storyboard */ = {
			isa = PBXVariantGroup;
			children = (
				1B74A9E2245816E700486571 /* Base */,
			);
			name = Main.storyboard;
			sourceTree = "<group>";
		};
		1B74A9E6245816ED00486571 /* LaunchScreen.storyboard */ = {
			isa = PBXVariantGroup;
			children = (
				1B74A9E7245816ED00486571 /* Base */,
			);
			name = LaunchScreen.storyboard;
			sourceTree = "<group>";
		};
/* End PBXVariantGroup section */

/* Begin XCBuildConfiguration section */
		1B74A9EA245816ED00486571 /* Debug */ = {
			isa = XCBuildConfiguration;
			buildSettings = {
				ALWAYS_SEARCH_USER_PATHS = NO;
				CLANG_ANALYZER_NONNULL = YES;
				CLANG_ANALYZER_NUMBER_OBJECT_CONVERSION = YES_AGGRESSIVE;
				CLANG_CXX_LANGUAGE_STANDARD = "gnu++14";
				CLANG_CXX_LIBRARY = "libc++";
				CLANG_ENABLE_MODULES = YES;
				CLANG_ENABLE_OBJC_ARC = YES;
				CLANG_ENABLE_OBJC_WEAK = YES;
				CLANG_WARN_BLOCK_CAPTURE_AUTORELEASING = YES;
				CLANG_WARN_BOOL_CONVERSION = YES;
				CLANG_WARN_COMMA = YES;
				CLANG_WARN_CONSTANT_CONVERSION = YES;
				CLANG_WARN_DEPRECATED_OBJC_IMPLEMENTATIONS = YES;
				CLANG_WARN_DIRECT_OBJC_ISA_USAGE = YES_ERROR;
				CLANG_WARN_DOCUMENTATION_COMMENTS = YES;
				CLANG_WARN_EMPTY_BODY = YES;
				CLANG_WARN_ENUM_CONVERSION = YES;
				CLANG_WARN_INFINITE_RECURSION = YES;
				CLANG_WARN_INT_CONVERSION = YES;
				CLANG_WARN_NON_LITERAL_NULL_CONVERSION = YES;
				CLANG_WARN_OBJC_IMPLICIT_RETAIN_SELF = YES;
				CLANG_WARN_OBJC_LITERAL_CONVERSION = YES;
				CLANG_WARN_OBJC_ROOT_CLASS = YES_ERROR;
				CLANG_WARN_RANGE_LOOP_ANALYSIS = YES;
				CLANG_WARN_STRICT_PROTOTYPES = YES;
				CLANG_WARN_SUSPICIOUS_MOVE = YES;
				CLANG_WARN_UNGUARDED_AVAILABILITY = YES_AGGRESSIVE;
				CLANG_WARN_UNREACHABLE_CODE = YES;
				CLANG_WARN__DUPLICATE_METHOD_MATCH = YES;
				COPY_PHASE_STRIP = NO;
				DEBUG_INFORMATION_FORMAT = dwarf;
				ENABLE_STRICT_OBJC_MSGSEND = YES;
				ENABLE_TESTABILITY = YES;
				GCC_C_LANGUAGE_STANDARD = gnu11;
				GCC_DYNAMIC_NO_PIC = NO;
				GCC_NO_COMMON_BLOCKS = YES;
				GCC_OPTIMIZATION_LEVEL = 0;
				GCC_PREPROCESSOR_DEFINITIONS = (
					"DEBUG=1",
					"$(inherited)",
				);
				GCC_WARN_64_TO_32_BIT_CONVERSION = YES;
				GCC_WARN_ABOUT_RETURN_TYPE = YES_ERROR;
				GCC_WARN_UNDECLARED_SELECTOR = YES;
				GCC_WARN_UNINITIALIZED_AUTOS = YES_AGGRESSIVE;
				GCC_WARN_UNUSED_FUNCTION = YES;
				GCC_WARN_UNUSED_VARIABLE = YES;
				IPHONEOS_DEPLOYMENT_TARGET = 13.4;
				MTL_ENABLE_DEBUG_INFO = INCLUDE_SOURCE;
				MTL_FAST_MATH = YES;
				ONLY_ACTIVE_ARCH = YES;
				SDKROOT = iphoneos;
				SWIFT_ACTIVE_COMPILATION_CONDITIONS = DEBUG;
				SWIFT_OPTIMIZATION_LEVEL = "-Onone";
			};
			name = Debug;
		};
		1B74A9EB245816ED00486571 /* Release */ = {
			isa = XCBuildConfiguration;
			buildSettings = {
				ALWAYS_SEARCH_USER_PATHS = NO;
				CLANG_ANALYZER_NONNULL = YES;
				CLANG_ANALYZER_NUMBER_OBJECT_CONVERSION = YES_AGGRESSIVE;
				CLANG_CXX_LANGUAGE_STANDARD = "gnu++14";
				CLANG_CXX_LIBRARY = "libc++";
				CLANG_ENABLE_MODULES = YES;
				CLANG_ENABLE_OBJC_ARC = YES;
				CLANG_ENABLE_OBJC_WEAK = YES;
				CLANG_WARN_BLOCK_CAPTURE_AUTORELEASING = YES;
				CLANG_WARN_BOOL_CONVERSION = YES;
				CLANG_WARN_COMMA = YES;
				CLANG_WARN_CONSTANT_CONVERSION = YES;
				CLANG_WARN_DEPRECATED_OBJC_IMPLEMENTATIONS = YES;
				CLANG_WARN_DIRECT_OBJC_ISA_USAGE = YES_ERROR;
				CLANG_WARN_DOCUMENTATION_COMMENTS = YES;
				CLANG_WARN_EMPTY_BODY = YES;
				CLANG_WARN_ENUM_CONVERSION = YES;
				CLANG_WARN_INFINITE_RECURSION = YES;
				CLANG_WARN_INT_CONVERSION = YES;
				CLANG_WARN_NON_LITERAL_NULL_CONVERSION = YES;
				CLANG_WARN_OBJC_IMPLICIT_RETAIN_SELF = YES;
				CLANG_WARN_OBJC_LITERAL_CONVERSION = YES;
				CLANG_WARN_OBJC_ROOT_CLASS = YES_ERROR;
				CLANG_WARN_RANGE_LOOP_ANALYSIS = YES;
				CLANG_WARN_STRICT_PROTOTYPES = YES;
				CLANG_WARN_SUSPICIOUS_MOVE = YES;
				CLANG_WARN_UNGUARDED_AVAILABILITY = YES_AGGRESSIVE;
				CLANG_WARN_UNREACHABLE_CODE = YES;
				CLANG_WARN__DUPLICATE_METHOD_MATCH = YES;
				COPY_PHASE_STRIP = NO;
				DEBUG_INFORMATION_FORMAT = "dwarf-with-dsym";
				ENABLE_NS_ASSERTIONS = NO;
				ENABLE_STRICT_OBJC_MSGSEND = YES;
				GCC_C_LANGUAGE_STANDARD = gnu11;
				GCC_NO_COMMON_BLOCKS = YES;
				GCC_WARN_64_TO_32_BIT_CONVERSION = YES;
				GCC_WARN_ABOUT_RETURN_TYPE = YES_ERROR;
				GCC_WARN_UNDECLARED_SELECTOR = YES;
				GCC_WARN_UNINITIALIZED_AUTOS = YES_AGGRESSIVE;
				GCC_WARN_UNUSED_FUNCTION = YES;
				GCC_WARN_UNUSED_VARIABLE = YES;
				IPHONEOS_DEPLOYMENT_TARGET = 13.4;
				MTL_ENABLE_DEBUG_INFO = NO;
				MTL_FAST_MATH = YES;
				SDKROOT = iphoneos;
				SWIFT_COMPILATION_MODE = wholemodule;
				SWIFT_OPTIMIZATION_LEVEL = "-O";
				VALIDATE_PRODUCT = YES;
			};
			name = Release;
		};
		1B74A9ED245816ED00486571 /* Debug */ = {
			isa = XCBuildConfiguration;
			buildSettings = {
				ASSETCATALOG_COMPILER_APPICON_NAME = AppIcon;
				CODE_SIGN_STYLE = Automatic;
				DEVELOPMENT_TEAM = 34VDSPZYU9;
				INFOPLIST_FILE = "That is why/Info.plist";
				LD_RUNPATH_SEARCH_PATHS = (
					"$(inherited)",
					"@executable_path/Frameworks",
				);
				PRODUCT_BUNDLE_IDENTIFIER = "V1taS.That-is-why";
				PRODUCT_NAME = "$(TARGET_NAME)";
				SWIFT_VERSION = 5.0;
				TARGETED_DEVICE_FAMILY = "1,2";
			};
			name = Debug;
		};
		1B74A9EE245816ED00486571 /* Release */ = {
			isa = XCBuildConfiguration;
			buildSettings = {
				ASSETCATALOG_COMPILER_APPICON_NAME = AppIcon;
				CODE_SIGN_STYLE = Automatic;
				DEVELOPMENT_TEAM = 34VDSPZYU9;
				INFOPLIST_FILE = "That is why/Info.plist";
				LD_RUNPATH_SEARCH_PATHS = (
					"$(inherited)",
					"@executable_path/Frameworks",
				);
				PRODUCT_BUNDLE_IDENTIFIER = "V1taS.That-is-why";
				PRODUCT_NAME = "$(TARGET_NAME)";
				SWIFT_VERSION = 5.0;
				TARGETED_DEVICE_FAMILY = "1,2";
			};
			name = Release;
		};
/* End XCBuildConfiguration section */

/* Begin XCConfigurationList section */
		1B74A9D3245816E700486571 /* Build configuration list for PBXProject "That is why" */ = {
			isa = XCConfigurationList;
			buildConfigurations = (
				1B74A9EA245816ED00486571 /* Debug */,
				1B74A9EB245816ED00486571 /* Release */,
			);
			defaultConfigurationIsVisible = 0;
			defaultConfigurationName = Release;
		};
		1B74A9EC245816ED00486571 /* Build configuration list for PBXNativeTarget "That is why" */ = {
			isa = XCConfigurationList;
			buildConfigurations = (
				1B74A9ED245816ED00486571 /* Debug */,
				1B74A9EE245816ED00486571 /* Release */,
			);
			defaultConfigurationIsVisible = 0;
			defaultConfigurationName = Release;
		};
/* End XCConfigurationList section */
	};
	rootObject = 1B74A9D0245816E700486571 /* Project object */;
}
